<?xml version="1.0" encoding="utf-8"?>
<Project ToolsVersion="4.0" xmlns="http://schemas.microsoft.com/developer/msbuild/2003">
  <ItemGroup>
    <Filter Include="ソース ファイル">
      <UniqueIdentifier>{4FC737F1-C7A5-4376-A066-2A32D752A2FF}</UniqueIdentifier>
      <Extensions>cpp;c;cc;cxx;def;odl;idl;hpj;bat;asm;asmx</Extensions>
    </Filter>
    <Filter Include="ヘッダー ファイル">
      <UniqueIdentifier>{93995380-89BD-4b04-88EB-625FBE52EBFB}</UniqueIdentifier>
      <Extensions>h;hh;hpp;hxx;hm;inl;inc;xsd</Extensions>
    </Filter>
    <Filter Include="リソース ファイル">
      <UniqueIdentifier>{67DA6AB6-F800-4c08-8B7A-83BB121AAD01}</UniqueIdentifier>
      <Extensions>rc;ico;cur;bmp;dlg;rc2;rct;bin;rgs;gif;jpg;jpeg;jpe;resx;tiff;tif;png;wav;mfcribbon-ms</Extensions>
    </Filter>
    <Filter Include="clip">
      <UniqueIdentifier>{1235ca2e-3430-4637-b6b9-a3af8eadcafd}</UniqueIdentifier>
    </Filter>
  </ItemGroup>
  <ItemGroup>
    <ClCompile Include="..\clip\clipdie.c">
      <Filter>clip</Filter>
    </ClCompile>
    <ClCompile Include="..\clip\clipdlst.c">
      <Filter>clip</Filter>
    </ClCompile>
    <ClCompile Include="..\clip\cliphash.c">
      <Filter>clip</Filter>
    </ClCompile>
    <ClCompile Include="..\clip\clipseh.c">
      <Filter>clip</Filter>
    </ClCompile>
    <ClCompile Include="..\clip\clipsort.c">
      <Filter>clip</Filter>
    </ClCompile>
    <ClCompile Include="..\clip\clipstl.c">
      <Filter>clip</Filter>
    </ClCompile>
    <ClCompile Include="..\clip\clipstr.c">
      <Filter>clip</Filter>
    </ClCompile>
    <ClCompile Include="..\clip\extclip.c">
      <Filter>clip</Filter>
    </ClCompile>
    <ClCompile Include="..\clip\garray.c">
      <Filter>clip</Filter>
    </ClCompile>
    <ClCompile Include="..\clip\ght_hash_table.c">
      <Filter>clip</Filter>
    </ClCompile>
    <ClCompile Include="..\clip\gslist.c">
      <Filter>clip</Filter>
    </ClCompile>
    <ClCompile Include="..\clip\gstring.c">
      <Filter>clip</Filter>
    </ClCompile>
    <ClCompile Include="..\clip\strv.c">
      <Filter>clip</Filter>
    </ClCompile>
    <ClCompile Include="..\TinyJS.c">
      <Filter>ソース ファイル</Filter>
    </ClCompile>
    <ClCompile Include="..\TinyJS_Functions.c">
      <Filter>ソース ファイル</Filter>
    </ClCompile>
    <ClCompile Include="..\TinyJS_MathFunctions.c">
      <Filter>ソース ファイル</Filter>
    </ClCompile>
  </ItemGroup>
  <ItemGroup>
    <ClInclude Include="..\TinyJS.h">
      <Filter>ヘッダー ファイル</Filter>
    </ClInclude>
    <ClInclude Include="..\TinyJS_Functions.h">
      <Filter>ヘッダー ファイル</Filter>
    </ClInclude>
    <ClInclude Include="..\TinyJS_MathFunctions.h">
      <Filter>ヘッダー ファイル</Filter>
    </ClInclude>
    <ClInclude Include="..\clip\clip.h">
      <Filter>clip</Filter>
    </ClInclude>
    <ClInclude Include="..\clip\clipdie.h">
      <Filter>clip</Filter>
    </ClInclude>
    <ClInclude Include="..\clip\clipdlst.h">
      <Filter>clip</Filter>
    </ClInclude>
    <ClInclude Include="..\clip\cliphash.h">
      <Filter>clip</Filter>
    </ClInclude>
    <ClInclude Include="..\clip\clipseh.h">
      <Filter>clip</Filter>
    </ClInclude>
    <ClInclude Include="..\clip\clipsort.h">
      <Filter>clip</Filter>
    </ClInclude>
    <ClInclude Include="..\clip\clipstl.h">
      <Filter>clip</Filter>
    </ClInclude>
    <ClInclude Include="..\clip\clipstr.h">
      <Filter>clip</Filter>
    </ClInclude>
    <ClInclude Include="..\clip\extclip.h">
      <Filter>clip</Filter>
    </ClInclude>
    <ClInclude Include="..\clip\garray.h">
      <Filter>clip</Filter>
    </ClInclude>
    <ClInclude Include="..\clip\ght_hash_table.h">
      <Filter>clip</Filter>
    </ClInclude>
    <ClInclude Include="..\clip\gslist.h">
      <Filter>clip</Filter>
    </ClInclude>
    <ClInclude Include="..\clip\gstring.h">
      <Filter>clip</Filter>
    </ClInclude>
    <ClInclude Include="..\clip\strv.h">
      <Filter>clip</Filter>
    </ClInclude>
  </ItemGroup>
  <ItemGroup>
    <Text Include="..\clip\00_README.txt">
      <Filter>clip</Filter>
    </Text>
  </ItemGroup>
  <ItemGroup>
    <None Include="..\clip\99_COPY.bat">
      <Filter>clip</Filter>
    </None>
  </ItemGroup>
</Project>